
Microsoft Visual Studio Solution File, Format Version 12.00
# Visual Studio Version 16
VisualStudioVersion = 16.0.29905.134
MinimumVisualStudioVersion = 10.0.40219.1
Project("{FAE04EC0-301F-11D3-BF4B-00C04F79EFBC}") = "SGP Ephemerides", "SGP Ephemerides\SGP Ephemerides.csproj", "{4D5AA914-559E-43EF-943A-441804DBC6A3}"
EndProject
Project("{9A19103F-16F7-4668-BE54-9A1E7A4F7556}") = "Astronomy.Core", "Astronomy.Core\Astronomy.Core.csproj", "{B7F2A9D4-3C18-4E5F-9A2B-6D8F1C3E7A52}"
EndProject
Global
	GlobalSection(SolutionConfigurationPlatforms) = preSolution
		Debug|Any CPU = Debug|Any CPU
		Debug|x64 = Debug|x64
		Release|Any CPU = Release|Any CPU
		Release|x64 = Release|x64
	EndGlobalSection
	GlobalSection(ProjectConfigurationPlatforms) = postSolution
		{4D5AA914-559E-43EF-943A-441804DBC6A3}.Debug|Any CPU.ActiveCfg = Debug|Any CPU
		{4D5AA914-559E-43EF-943A-441804DBC6A3}.Debug|Any CPU.Build.0 = Debug|Any CPU
		{4D5AA914-559E-43EF-943A-441804DBC6A3}.Debug|x64.ActiveCfg = Debug|x64
		{4D5AA914-559E-43EF-943A-441804DBC6A3}.Debug|x64.Build.0 = Debug|x64
		{4D5AA914-559E-43EF-943A-441804DBC6A3}.Release|Any CPU.ActiveCfg = Release|Any CPU
		{4D5AA914-559E-43EF-943A-441804DBC6A3}.Release|Any CPU.Build.0 = Release|Any CPU
		{4D5AA914-559E-43EF-943A-441804DBC6A3}.Release|x64.ActiveCfg = Release|x64
		{4D5AA914-559E-43EF-943A-441804DBC6A3}.Release|x64.Build.0 = Release|x64
		{B7F2A9D4-3C18-4E5F-9A2B-6D8F1C3E7A52}.Debug|Any CPU.ActiveCfg = Debug|Any CPU
		{B7F2A9D4-3C18-4E5F-9A2B-6D8F1C3E7A52}.Debug|Any CPU.Build.0 = Debug|Any CPU
		{B7F2A9D4-3C18-4E5F-9A2B-6D8F1C3E7A52}.Debug|x64.ActiveCfg = Debug|Any CPU
		{B7F2A9D4-3C18-4E5F-9A2B-6D8F1C3E7A52}.Debug|x64.Build.0 = Debug|Any CPU
		{B7F2A9D4-3C18-4E5F-9A2B-6D8F1C3E7A52}.Release|Any CPU.ActiveCfg = Release|Any CPU
		{B7F2A9D4-3C18-4E5F-9A2B-6D8F1C3E7A52}.Release|Any CPU.Build.0 = Release|Any CPU
		{B7F2A9D4-3C18-4E5F-9A2B-6D8F1C3E7A52}.Release|x64.ActiveCfg = Release|Any CPU
		{B7F2A9D4-3C18-4E5F-9A2B-6D8F1C3E7A52}.Release|x64.Build.0 = Release|Any CPU
	EndGlobalSection
	GlobalSection(SolutionProperties) = preSolution
		HideSolutionNode = FALSE
	EndGlobalSection
	GlobalSection(ExtensibilityGlobals) = postSolution
		SolutionGuid = {4C008667-24AC-48BA-980E-A68914380396}
	EndGlobalSection
EndGlobal
