
Microsoft Visual Studio Solution File, Format Version 12.00
# Visual Studio Version 18
VisualStudioVersion = 18.0.0.0
MinimumVisualStudioVersion = 10.0.40219.1
Project("{FAE04EC0-301F-11D3-BF4B-00C04F79EFBC}") = "TargetPlanner", "TargetPlanner\TargetPlanner.csproj", "{4D5AA914-559E-43EF-943A-441804DBC6A3}"
EndProject
Project("{9A19103F-16F7-4668-BE54-9A1E7A4F7556}") = "Astronomy.Core", "..\Library\Astronomy.Core\Astronomy.Core.csproj", "{B7F2A9D4-3C18-4E5F-9A2B-6D8F1C3E7A52}"
EndProject
Project("{9A19103F-16F7-4668-BE54-9A1E7A4F7556}") = "Astronomy.XISF", "..\Library\Astronomy.XISF\Astronomy.XISF.csproj", "{4E8A3B91-6C72-4D85-9B14-7F3D8E6C2A91}"
EndProject
Project("{9A19103F-16F7-4668-BE54-9A1E7A4F7556}") = "Astronomy.NINA", "..\Library\Astronomy.NINA\Astronomy.NINA.csproj", "{C2A5D8E3-7F84-4B92-9D16-3E5A8C9B2D14}"
EndProject
Project("{9A19103F-16F7-4668-BE54-9A1E7A4F7556}") = "TargetPlanner.Tests", "TargetPlanner.Tests\TargetPlanner.Tests.csproj", "{A8E4F1B9-2D63-4C58-AE17-9F4B5E3D8A26}"
EndProject
Global
	GlobalSection(SolutionConfigurationPlatforms) = preSolution
		Debug|x64 = Debug|x64
		Release|x64 = Release|x64
	EndGlobalSection
	GlobalSection(ProjectConfigurationPlatforms) = postSolution
		{4D5AA914-559E-43EF-943A-441804DBC6A3}.Debug|x64.ActiveCfg = Debug|x64
		{4D5AA914-559E-43EF-943A-441804DBC6A3}.Debug|x64.Build.0 = Debug|x64
		{4D5AA914-559E-43EF-943A-441804DBC6A3}.Release|x64.ActiveCfg = Release|x64
		{4D5AA914-559E-43EF-943A-441804DBC6A3}.Release|x64.Build.0 = Release|x64
		{B7F2A9D4-3C18-4E5F-9A2B-6D8F1C3E7A52}.Debug|x64.ActiveCfg = Debug|x64
		{B7F2A9D4-3C18-4E5F-9A2B-6D8F1C3E7A52}.Debug|x64.Build.0 = Debug|x64
		{B7F2A9D4-3C18-4E5F-9A2B-6D8F1C3E7A52}.Release|x64.ActiveCfg = Release|x64
		{B7F2A9D4-3C18-4E5F-9A2B-6D8F1C3E7A52}.Release|x64.Build.0 = Release|x64
		{4E8A3B91-6C72-4D85-9B14-7F3D8E6C2A91}.Debug|x64.ActiveCfg = Debug|x64
		{4E8A3B91-6C72-4D85-9B14-7F3D8E6C2A91}.Debug|x64.Build.0 = Debug|x64
		{4E8A3B91-6C72-4D85-9B14-7F3D8E6C2A91}.Release|x64.ActiveCfg = Release|x64
		{4E8A3B91-6C72-4D85-9B14-7F3D8E6C2A91}.Release|x64.Build.0 = Release|x64
		{C2A5D8E3-7F84-4B92-9D16-3E5A8C9B2D14}.Debug|x64.ActiveCfg = Debug|x64
		{C2A5D8E3-7F84-4B92-9D16-3E5A8C9B2D14}.Debug|x64.Build.0 = Debug|x64
		{C2A5D8E3-7F84-4B92-9D16-3E5A8C9B2D14}.Release|x64.ActiveCfg = Release|x64
		{C2A5D8E3-7F84-4B92-9D16-3E5A8C9B2D14}.Release|x64.Build.0 = Release|x64
		{A8E4F1B9-2D63-4C58-AE17-9F4B5E3D8A26}.Debug|x64.ActiveCfg = Debug|x64
		{A8E4F1B9-2D63-4C58-AE17-9F4B5E3D8A26}.Debug|x64.Build.0 = Debug|x64
		{A8E4F1B9-2D63-4C58-AE17-9F4B5E3D8A26}.Release|x64.ActiveCfg = Release|x64
		{A8E4F1B9-2D63-4C58-AE17-9F4B5E3D8A26}.Release|x64.Build.0 = Release|x64
	EndGlobalSection
	GlobalSection(SolutionProperties) = preSolution
		HideSolutionNode = FALSE
	EndGlobalSection
	GlobalSection(ExtensibilityGlobals) = postSolution
		SolutionGuid = {4C008667-24AC-48BA-980E-A68914380396}
	EndGlobalSection
EndGlobal
